
Microsoft Visual Studio Solution File, Format Version 12.00
# Visual Studio Version 16
VisualStudioVersion = 16.0.29728.190
MinimumVisualStudioVersion = 10.0.40219.1
Project("{FAE04EC0-301F-11D3-BF4B-00C04F79EFBC}") = "SignalRCore.DrawGame", "SignalRCore.RaffleGame\SignalRCore.DrawGame.csproj", "{C995BC73-D9A9-473C-9C92-A7CF35969182}"
EndProject
Global
	GlobalSection(SolutionConfigurationPlatforms) = preSolution
		Debug|Any CPU = Debug|Any CPU
		Release|Any CPU = Release|Any CPU
	EndGlobalSection
	GlobalSection(ProjectConfigurationPlatforms) = postSolution
		{C995BC73-D9A9-473C-9C92-A7CF35969182}.Debug|Any CPU.ActiveCfg = Debug|Any CPU
		{C995BC73-D9A9-473C-9C92-A7CF35969182}.Debug|Any CPU.Build.0 = Debug|Any CPU
		{C995BC73-D9A9-473C-9C92-A7CF35969182}.Release|Any CPU.ActiveCfg = Release|Any CPU
		{C995BC73-D9A9-473C-9C92-A7CF35969182}.Release|Any CPU.Build.0 = Release|Any CPU
	EndGlobalSection
	GlobalSection(SolutionProperties) = preSolution
		HideSolutionNode = FALSE
	EndGlobalSection
	GlobalSection(ExtensibilityGlobals) = postSolution
		SolutionGuid = {3C186B7A-2ABC-4ACB-B996-EF0185BB484A}
	EndGlobalSection
EndGlobal
